version = 1

[root]
name = "KiraUIFoundation"
version = "0.1.0"
kind = "library"
kira = "0.1.0"

[[root_dependency]]
name = "Foundation"
source = "path"
path = "../kirac/foundation"

[[root_dependency]]
name = "KiraGraphics"
source = "path"
path = "../kira-graphics"

[[root_dependency]]
name = "KiraLayout"
source = "path"
path = "../kira-layout"

[[package]]
name = "Foundation"
version = "0.1.0"
kind = "library"
kira = "0.1.0"
module_root = "Foundation"
source = "path"
path = "C:\Users\Shadow\Coding\kira-projects\kirac\foundation"

[[package]]
name = "KiraGraphics"
version = "0.1.0"
kind = "library"
kira = "0.1.0"
module_root = "KiraGraphics"
source = "path"
path = "C:\Users\Shadow\Coding\kira-projects\kira-graphics"

[[package]]
name = "KiraLayout"
version = "0.1.0"
kind = "library"
kira = "0.1.0"
module_root = "KiraLayout"
source = "path"
path = "C:\Users\Shadow\Coding\kira-projects\kira-layout"
