version = 1

[root]
name = "KiraUIFoundation"
version = "0.1.0"
kind = "library"
kira = "0.1.0"

[[root_dependency]]
name = "KiraGraphics"
source = "path"
path = "../kira-graphics"

[[root_dependency]]
name = "KiraLayout"
source = "path"
path = "../kira-layout"

[[package]]
name = "KiraGraphics"
version = "0.1.0"
kind = "library"
kira = "0.1.0"
module_root = "KiraGraphics"
source = "path"
path = "/Users/priamc/Coding/kira-projects/kira-graphics"

[[package]]
name = "KiraLayout"
version = "0.1.0"
kind = "library"
kira = "0.1.0"
module_root = "KiraLayout"
source = "path"
path = "/Users/priamc/Coding/kira-projects/kira-layout"
