version = 1

[root]
name = "foundation-primitives-smoke"
version = "0.1.0"
kind = "app"
kira = "0.1.0"

[[root_dependency]]
name = "KiraUIFoundation"
source = "path"
path = "../.."

[[package]]
name = "KiraGraphics"
version = "0.1.0"
kind = "library"
kira = "0.1.0"
module_root = "KiraGraphics"
source = "path"
path = "/Users/priamc/Coding/kira-projects/kira-graphics"

[[package]]
name = "KiraLayout"
version = "0.1.0"
kind = "library"
kira = "0.1.0"
module_root = "KiraLayout"
source = "path"
path = "/Users/priamc/Coding/kira-projects/kira-layout"

[[package]]
name = "KiraUIFoundation"
version = "0.1.0"
kind = "library"
kira = "0.1.0"
module_root = "KiraUIFoundation"
source = "path"
path = "/Users/priamc/Coding/kira-projects/ui-foundation"
dependencies = ["KiraGraphics", "KiraLayout"]
