// !$*UTF8*$!
{
archiveVersion = 1;
classes = {};
objectVersion = 56;
objects = {
PROJ = {isa = PBXProject; buildConfigurationList = PROJCLST; compatibilityVersion = "Xcode 14.0"; developmentRegion = en; hasScannedForEncodings = 0; knownRegions = (en, Base, ); mainGroup = GRPMAIN; productRefGroup = GRPPROD; projectDirPath = ""; projectRoot = ""; targets = (T0TGT, T1TGT, T2TGT, T3TGT, ); };
GRPMAIN = {isa = PBXGroup; children = (GRPSRC, GRPRES, GRPPROD, ); sourceTree = "<group>"; };
GRPSRC = {isa = PBXGroup; path = Sources; sourceTree = "<group>"; children = (FRMAINM, FRNSTUB, ); };
GRPRES = {isa = PBXGroup; path = Resources; sourceTree = "<group>"; children = (T0PLR, T1PLR, T2PLR, T3PLR, ); };
GRPPROD = {isa = PBXGroup; name = Products; sourceTree = "<group>"; children = (T0PRD, T1PRD, T2PRD, T3PRD, ); };
FRMAINM = {isa = PBXFileReference; lastKnownFileType = sourcecode.c.objc; path = main.m; sourceTree = "<group>"; };
FRNSTUB = {isa = PBXFileReference; lastKnownFileType = sourcecode.c.c; path = native_link_stub.c; sourceTree = "<group>"; };
T0PRD = {isa = PBXFileReference; explicitFileType = wrapper.application; path = "KiraApp-macOS.app"; includeInIndex = 0; sourceTree = BUILT_PRODUCTS_DIR; };
T0PLR = {isa = PBXFileReference; lastKnownFileType = text.plist.xml; path = macOS-Info.plist; sourceTree = "<group>"; };
T0TGTBFsrc = {isa = PBXBuildFile; fileRef = FRNSTUB; };
T1PRD = {isa = PBXFileReference; explicitFileType = wrapper.application; path = "KiraApp-iOS.app"; includeInIndex = 0; sourceTree = BUILT_PRODUCTS_DIR; };
T1PLR = {isa = PBXFileReference; lastKnownFileType = text.plist.xml; path = iOS-Info.plist; sourceTree = "<group>"; };
T1TGTBFsrc = {isa = PBXBuildFile; fileRef = FRNSTUB; };
T2PRD = {isa = PBXFileReference; explicitFileType = wrapper.application; path = "KiraApp-tvOS.app"; includeInIndex = 0; sourceTree = BUILT_PRODUCTS_DIR; };
T2PLR = {isa = PBXFileReference; lastKnownFileType = text.plist.xml; path = tvOS-Info.plist; sourceTree = "<group>"; };
T2TGTBFsrc = {isa = PBXBuildFile; fileRef = FRNSTUB; };
T3PRD = {isa = PBXFileReference; explicitFileType = wrapper.application; path = "KiraApp-visionOS.app"; includeInIndex = 0; sourceTree = BUILT_PRODUCTS_DIR; };
T3PLR = {isa = PBXFileReference; lastKnownFileType = text.plist.xml; path = visionOS-Info.plist; sourceTree = "<group>"; };
T3TGTBFsrc = {isa = PBXBuildFile; fileRef = FRNSTUB; };
T0TGT = {isa = PBXNativeTarget; buildConfigurationList = T0CLST; buildPhases = (T0TGTSCRIPT, T0SRC, T0FRW, T0RES, ); buildRules = (); dependencies = (); name = "KiraApp-macOS"; productName = "KiraApp-macOS"; productReference = T0PRD; productType = "com.apple.product-type.application"; };
T0TGTSCRIPT = {isa = PBXShellScriptBuildPhase; buildActionMask = 2147483647; name = "Rebuild Kira (KiraApp-macOS)"; files = (); inputPaths = (); outputPaths = (); alwaysOutOfDate = 1; runOnlyForDeploymentPostprocessing = 0; shellPath = /bin/sh; shellScript = "set -e\nif [ \"${PLATFORM_NAME}\" != \"\" ]; then \"/Users/priamc/.kira/toolchains/dev/0.1.0/bin/kirac\" export apple \"/Users/priamc/Coding/kira-projects/ui-foundation/Examples/basic-foundation-app\" --xcode-rebuild \"${PLATFORM_NAME}\"; fi\n"; };
T0SRC = {isa = PBXSourcesBuildPhase; buildActionMask = 2147483647; files = (T0TGTBFsrc, ); runOnlyForDeploymentPostprocessing = 0; };
T0FRW = {isa = PBXFrameworksBuildPhase; buildActionMask = 2147483647; files = (); runOnlyForDeploymentPostprocessing = 0; };
T0RES = {isa = PBXResourcesBuildPhase; buildActionMask = 2147483647; files = (); runOnlyForDeploymentPostprocessing = 0; };
T1TGT = {isa = PBXNativeTarget; buildConfigurationList = T1CLST; buildPhases = (T1TGTSCRIPT, T1SRC, T1FRW, T1RES, ); buildRules = (); dependencies = (); name = "KiraApp-iOS"; productName = "KiraApp-iOS"; productReference = T1PRD; productType = "com.apple.product-type.application"; };
T1TGTSCRIPT = {isa = PBXShellScriptBuildPhase; buildActionMask = 2147483647; name = "Rebuild Kira (KiraApp-iOS)"; files = (); inputPaths = (); outputPaths = (); alwaysOutOfDate = 1; runOnlyForDeploymentPostprocessing = 0; shellPath = /bin/sh; shellScript = "set -e\nif [ \"${PLATFORM_NAME}\" != \"\" ]; then \"/Users/priamc/.kira/toolchains/dev/0.1.0/bin/kirac\" export apple \"/Users/priamc/Coding/kira-projects/ui-foundation/Examples/basic-foundation-app\" --xcode-rebuild \"${PLATFORM_NAME}\"; fi\n"; };
T1SRC = {isa = PBXSourcesBuildPhase; buildActionMask = 2147483647; files = (T1TGTBFsrc, ); runOnlyForDeploymentPostprocessing = 0; };
T1FRW = {isa = PBXFrameworksBuildPhase; buildActionMask = 2147483647; files = (); runOnlyForDeploymentPostprocessing = 0; };
T1RES = {isa = PBXResourcesBuildPhase; buildActionMask = 2147483647; files = (); runOnlyForDeploymentPostprocessing = 0; };
T2TGT = {isa = PBXNativeTarget; buildConfigurationList = T2CLST; buildPhases = (T2TGTSCRIPT, T2SRC, T2FRW, T2RES, ); buildRules = (); dependencies = (); name = "KiraApp-tvOS"; productName = "KiraApp-tvOS"; productReference = T2PRD; productType = "com.apple.product-type.application"; };
T2TGTSCRIPT = {isa = PBXShellScriptBuildPhase; buildActionMask = 2147483647; name = "Rebuild Kira (KiraApp-tvOS)"; files = (); inputPaths = (); outputPaths = (); alwaysOutOfDate = 1; runOnlyForDeploymentPostprocessing = 0; shellPath = /bin/sh; shellScript = "set -e\nif [ \"${PLATFORM_NAME}\" != \"\" ]; then \"/Users/priamc/.kira/toolchains/dev/0.1.0/bin/kirac\" export apple \"/Users/priamc/Coding/kira-projects/ui-foundation/Examples/basic-foundation-app\" --xcode-rebuild \"${PLATFORM_NAME}\"; fi\n"; };
T2SRC = {isa = PBXSourcesBuildPhase; buildActionMask = 2147483647; files = (T2TGTBFsrc, ); runOnlyForDeploymentPostprocessing = 0; };
T2FRW = {isa = PBXFrameworksBuildPhase; buildActionMask = 2147483647; files = (); runOnlyForDeploymentPostprocessing = 0; };
T2RES = {isa = PBXResourcesBuildPhase; buildActionMask = 2147483647; files = (); runOnlyForDeploymentPostprocessing = 0; };
T3TGT = {isa = PBXNativeTarget; buildConfigurationList = T3CLST; buildPhases = (T3TGTSCRIPT, T3SRC, T3FRW, T3RES, ); buildRules = (); dependencies = (); name = "KiraApp-visionOS"; productName = "KiraApp-visionOS"; productReference = T3PRD; productType = "com.apple.product-type.application"; };
T3TGTSCRIPT = {isa = PBXShellScriptBuildPhase; buildActionMask = 2147483647; name = "Rebuild Kira (KiraApp-visionOS)"; files = (); inputPaths = (); outputPaths = (); alwaysOutOfDate = 1; runOnlyForDeploymentPostprocessing = 0; shellPath = /bin/sh; shellScript = "set -e\nif [ \"${PLATFORM_NAME}\" != \"\" ]; then \"/Users/priamc/.kira/toolchains/dev/0.1.0/bin/kirac\" export apple \"/Users/priamc/Coding/kira-projects/ui-foundation/Examples/basic-foundation-app\" --xcode-rebuild \"${PLATFORM_NAME}\"; fi\n"; };
T3SRC = {isa = PBXSourcesBuildPhase; buildActionMask = 2147483647; files = (T3TGTBFsrc, ); runOnlyForDeploymentPostprocessing = 0; };
T3FRW = {isa = PBXFrameworksBuildPhase; buildActionMask = 2147483647; files = (); runOnlyForDeploymentPostprocessing = 0; };
T3RES = {isa = PBXResourcesBuildPhase; buildActionMask = 2147483647; files = (); runOnlyForDeploymentPostprocessing = 0; };
PROJCLST = {isa = XCConfigurationList; buildConfigurations = (PROJCDBG, PROJCREL, ); defaultConfigurationIsVisible = 0; defaultConfigurationName = Release; };
PROJCDBG = {isa = XCBuildConfiguration; buildSettings = { ENABLE_USER_SCRIPT_SANDBOXING = NO; }; name = Debug; };
PROJCREL = {isa = XCBuildConfiguration; buildSettings = { ENABLE_USER_SCRIPT_SANDBOXING = NO; }; name = Release; };
T0CLST = {isa = XCConfigurationList; buildConfigurations = (T0CDBG, T0CREL, ); defaultConfigurationIsVisible = 0; defaultConfigurationName = Release; };
T0CDBG = {isa = XCBuildConfiguration; buildSettings = { PRODUCT_NAME = "KiraApp-macOS"; PRODUCT_BUNDLE_IDENTIFIER = "com.kira.live.dev"; SDKROOT = macosx; SUPPORTED_PLATFORMS = "macosx"; MACOSX_DEPLOYMENT_TARGET = 13.0; ARCHS = arm64; VALID_ARCHS = arm64; ONLY_ACTIVE_ARCH = YES; WRAPPER_EXTENSION = app; PRODUCT_BUNDLE_PACKAGE_TYPE = APPL; GENERATE_INFOPLIST_FILE = NO; INFOPLIST_FILE = "Resources/macOS-Info.plist"; CLANG_ENABLE_MODULES = YES; DEAD_CODE_STRIPPING = NO; ALWAYS_SEARCH_USER_PATHS = NO; CODE_SIGN_STYLE = Automatic; DEVELOPMENT_TEAM = F3U5976KWH; CODE_SIGNING_ALLOWED = YES; "CODE_SIGNING_REQUIRED[sdk=*simulator*]" = NO; "CODE_SIGN_IDENTITY[sdk=iphoneos*]" = "Apple Development"; "CODE_SIGN_IDENTITY[sdk=appletvos*]" = "Apple Development"; "CODE_SIGN_IDENTITY[sdk=xros*]" = "Apple Development"; "CODE_SIGN_IDENTITY[sdk=macosx*]" = "-"; OTHER_LDFLAGS = ("/Users/priamc/Coding/kira-projects/ui-foundation/Examples/basic-foundation-app/exports/apple/build/macos/native/kira_native_app.o", "/Users/priamc/Coding/kira-projects/ui-foundation/Examples/basic-foundation-app/exports/apple/build/macos/native/kira_native_app.bridge.o", "/Users/priamc/Coding/kira-projects/kira-graphics/NativeLibs/../generated/native/aarch64-macos/libsokol.a", "-framework", "Foundation", "-framework", "AppKit", "-framework", "QuartzCore", "-framework", "OpenGL"); }; name = Debug; };
T0CREL = {isa = XCBuildConfiguration; buildSettings = { PRODUCT_NAME = "KiraApp-macOS"; PRODUCT_BUNDLE_IDENTIFIER = "com.kira.live.dev"; SDKROOT = macosx; SUPPORTED_PLATFORMS = "macosx"; MACOSX_DEPLOYMENT_TARGET = 13.0; ARCHS = arm64; VALID_ARCHS = arm64; ONLY_ACTIVE_ARCH = YES; WRAPPER_EXTENSION = app; PRODUCT_BUNDLE_PACKAGE_TYPE = APPL; GENERATE_INFOPLIST_FILE = NO; INFOPLIST_FILE = "Resources/macOS-Info.plist"; CLANG_ENABLE_MODULES = YES; DEAD_CODE_STRIPPING = NO; ALWAYS_SEARCH_USER_PATHS = NO; CODE_SIGN_STYLE = Automatic; DEVELOPMENT_TEAM = F3U5976KWH; CODE_SIGNING_ALLOWED = YES; "CODE_SIGNING_REQUIRED[sdk=*simulator*]" = NO; "CODE_SIGN_IDENTITY[sdk=iphoneos*]" = "Apple Development"; "CODE_SIGN_IDENTITY[sdk=appletvos*]" = "Apple Development"; "CODE_SIGN_IDENTITY[sdk=xros*]" = "Apple Development"; "CODE_SIGN_IDENTITY[sdk=macosx*]" = "-"; OTHER_LDFLAGS = ("/Users/priamc/Coding/kira-projects/ui-foundation/Examples/basic-foundation-app/exports/apple/build/macos/native/kira_native_app.o", "/Users/priamc/Coding/kira-projects/ui-foundation/Examples/basic-foundation-app/exports/apple/build/macos/native/kira_native_app.bridge.o", "/Users/priamc/Coding/kira-projects/kira-graphics/NativeLibs/../generated/native/aarch64-macos/libsokol.a", "-framework", "Foundation", "-framework", "AppKit", "-framework", "QuartzCore", "-framework", "OpenGL"); }; name = Release; };
T1CLST = {isa = XCConfigurationList; buildConfigurations = (T1CDBG, T1CREL, ); defaultConfigurationIsVisible = 0; defaultConfigurationName = Release; };
T1CDBG = {isa = XCBuildConfiguration; buildSettings = { PRODUCT_NAME = "KiraApp-iOS"; PRODUCT_BUNDLE_IDENTIFIER = "com.kira.live.dev"; SDKROOT = iphoneos; SUPPORTED_PLATFORMS = "iphoneos iphonesimulator"; IPHONEOS_DEPLOYMENT_TARGET = 17.0; TARGETED_DEVICE_FAMILY = "1,2"; ARCHS = arm64; VALID_ARCHS = arm64; ONLY_ACTIVE_ARCH = YES; WRAPPER_EXTENSION = app; PRODUCT_BUNDLE_PACKAGE_TYPE = APPL; GENERATE_INFOPLIST_FILE = NO; INFOPLIST_FILE = "Resources/iOS-Info.plist"; CLANG_ENABLE_MODULES = YES; DEAD_CODE_STRIPPING = NO; ALWAYS_SEARCH_USER_PATHS = NO; CODE_SIGN_STYLE = Automatic; DEVELOPMENT_TEAM = F3U5976KWH; CODE_SIGNING_ALLOWED = YES; "CODE_SIGNING_REQUIRED[sdk=*simulator*]" = NO; "CODE_SIGN_IDENTITY[sdk=iphoneos*]" = "Apple Development"; "CODE_SIGN_IDENTITY[sdk=appletvos*]" = "Apple Development"; "CODE_SIGN_IDENTITY[sdk=xros*]" = "Apple Development"; "CODE_SIGN_IDENTITY[sdk=macosx*]" = "-"; "OTHER_LDFLAGS[sdk=iphoneos*]" = ("/Users/priamc/Coding/kira-projects/ui-foundation/Examples/basic-foundation-app/exports/apple/build/ios-device/native/kira_native_app.o", "/Users/priamc/Coding/kira-projects/ui-foundation/Examples/basic-foundation-app/exports/apple/build/ios-device/native/kira_native_app.bridge.o", "/Users/priamc/Coding/kira-projects/kira-graphics/NativeLibs/../generated/native/aarch64-ios/libsokol.a", "-framework", "Foundation", "-framework", "UIKit", "-framework", "QuartzCore", "-framework", "Metal", "-framework", "MetalKit"); "OTHER_LDFLAGS[sdk=iphonesimulator*]" = ("/Users/priamc/Coding/kira-projects/ui-foundation/Examples/basic-foundation-app/exports/apple/build/ios-sim/native/kira_native_app.o", "/Users/priamc/Coding/kira-projects/ui-foundation/Examples/basic-foundation-app/exports/apple/build/ios-sim/native/kira_native_app.bridge.o", "/Users/priamc/Coding/kira-projects/kira-graphics/NativeLibs/../generated/native/aarch64-ios-simulator/libsokol.a", "-framework", "Foundation", "-framework", "UIKit", "-framework", "QuartzCore", "-framework", "Metal", "-framework", "MetalKit"); }; name = Debug; };
T1CREL = {isa = XCBuildConfiguration; buildSettings = { PRODUCT_NAME = "KiraApp-iOS"; PRODUCT_BUNDLE_IDENTIFIER = "com.kira.live.dev"; SDKROOT = iphoneos; SUPPORTED_PLATFORMS = "iphoneos iphonesimulator"; IPHONEOS_DEPLOYMENT_TARGET = 17.0; TARGETED_DEVICE_FAMILY = "1,2"; ARCHS = arm64; VALID_ARCHS = arm64; ONLY_ACTIVE_ARCH = YES; WRAPPER_EXTENSION = app; PRODUCT_BUNDLE_PACKAGE_TYPE = APPL; GENERATE_INFOPLIST_FILE = NO; INFOPLIST_FILE = "Resources/iOS-Info.plist"; CLANG_ENABLE_MODULES = YES; DEAD_CODE_STRIPPING = NO; ALWAYS_SEARCH_USER_PATHS = NO; CODE_SIGN_STYLE = Automatic; DEVELOPMENT_TEAM = F3U5976KWH; CODE_SIGNING_ALLOWED = YES; "CODE_SIGNING_REQUIRED[sdk=*simulator*]" = NO; "CODE_SIGN_IDENTITY[sdk=iphoneos*]" = "Apple Development"; "CODE_SIGN_IDENTITY[sdk=appletvos*]" = "Apple Development"; "CODE_SIGN_IDENTITY[sdk=xros*]" = "Apple Development"; "CODE_SIGN_IDENTITY[sdk=macosx*]" = "-"; "OTHER_LDFLAGS[sdk=iphoneos*]" = ("/Users/priamc/Coding/kira-projects/ui-foundation/Examples/basic-foundation-app/exports/apple/build/ios-device/native/kira_native_app.o", "/Users/priamc/Coding/kira-projects/ui-foundation/Examples/basic-foundation-app/exports/apple/build/ios-device/native/kira_native_app.bridge.o", "/Users/priamc/Coding/kira-projects/kira-graphics/NativeLibs/../generated/native/aarch64-ios/libsokol.a", "-framework", "Foundation", "-framework", "UIKit", "-framework", "QuartzCore", "-framework", "Metal", "-framework", "MetalKit"); "OTHER_LDFLAGS[sdk=iphonesimulator*]" = ("/Users/priamc/Coding/kira-projects/ui-foundation/Examples/basic-foundation-app/exports/apple/build/ios-sim/native/kira_native_app.o", "/Users/priamc/Coding/kira-projects/ui-foundation/Examples/basic-foundation-app/exports/apple/build/ios-sim/native/kira_native_app.bridge.o", "/Users/priamc/Coding/kira-projects/kira-graphics/NativeLibs/../generated/native/aarch64-ios-simulator/libsokol.a", "-framework", "Foundation", "-framework", "UIKit", "-framework", "QuartzCore", "-framework", "Metal", "-framework", "MetalKit"); }; name = Release; };
T2CLST = {isa = XCConfigurationList; buildConfigurations = (T2CDBG, T2CREL, ); defaultConfigurationIsVisible = 0; defaultConfigurationName = Release; };
T2CDBG = {isa = XCBuildConfiguration; buildSettings = { PRODUCT_NAME = "KiraApp-tvOS"; PRODUCT_BUNDLE_IDENTIFIER = "com.kira.live.dev"; SDKROOT = appletvos; SUPPORTED_PLATFORMS = "appletvos appletvsimulator"; TVOS_DEPLOYMENT_TARGET = 15.0; TARGETED_DEVICE_FAMILY = "3"; ARCHS = arm64; VALID_ARCHS = arm64; ONLY_ACTIVE_ARCH = YES; WRAPPER_EXTENSION = app; PRODUCT_BUNDLE_PACKAGE_TYPE = APPL; GENERATE_INFOPLIST_FILE = NO; INFOPLIST_FILE = "Resources/tvOS-Info.plist"; CLANG_ENABLE_MODULES = YES; DEAD_CODE_STRIPPING = NO; ALWAYS_SEARCH_USER_PATHS = NO; CODE_SIGN_STYLE = Automatic; DEVELOPMENT_TEAM = F3U5976KWH; CODE_SIGNING_ALLOWED = YES; "CODE_SIGNING_REQUIRED[sdk=*simulator*]" = NO; "CODE_SIGN_IDENTITY[sdk=iphoneos*]" = "Apple Development"; "CODE_SIGN_IDENTITY[sdk=appletvos*]" = "Apple Development"; "CODE_SIGN_IDENTITY[sdk=xros*]" = "Apple Development"; "CODE_SIGN_IDENTITY[sdk=macosx*]" = "-"; "OTHER_LDFLAGS[sdk=appletvos*]" = ("/Users/priamc/Coding/kira-projects/ui-foundation/Examples/basic-foundation-app/exports/apple/build/tvos-device/native/kira_native_app.o", "/Users/priamc/Coding/kira-projects/ui-foundation/Examples/basic-foundation-app/exports/apple/build/tvos-device/native/kira_native_app.bridge.o", "/Users/priamc/Coding/kira-projects/kira-graphics/NativeLibs/../generated/native/aarch64-tvos/libsokol.a", "-framework", "Foundation", "-framework", "UIKit", "-framework", "QuartzCore", "-framework", "Metal", "-framework", "MetalKit"); "OTHER_LDFLAGS[sdk=appletvsimulator*]" = ("/Users/priamc/Coding/kira-projects/ui-foundation/Examples/basic-foundation-app/exports/apple/build/tvos-sim/native/kira_native_app.o", "/Users/priamc/Coding/kira-projects/ui-foundation/Examples/basic-foundation-app/exports/apple/build/tvos-sim/native/kira_native_app.bridge.o", "/Users/priamc/Coding/kira-projects/kira-graphics/NativeLibs/../generated/native/aarch64-tvos-simulator/libsokol.a", "-framework", "Foundation", "-framework", "UIKit", "-framework", "QuartzCore", "-framework", "Metal", "-framework", "MetalKit"); }; name = Debug; };
T2CREL = {isa = XCBuildConfiguration; buildSettings = { PRODUCT_NAME = "KiraApp-tvOS"; PRODUCT_BUNDLE_IDENTIFIER = "com.kira.live.dev"; SDKROOT = appletvos; SUPPORTED_PLATFORMS = "appletvos appletvsimulator"; TVOS_DEPLOYMENT_TARGET = 15.0; TARGETED_DEVICE_FAMILY = "3"; ARCHS = arm64; VALID_ARCHS = arm64; ONLY_ACTIVE_ARCH = YES; WRAPPER_EXTENSION = app; PRODUCT_BUNDLE_PACKAGE_TYPE = APPL; GENERATE_INFOPLIST_FILE = NO; INFOPLIST_FILE = "Resources/tvOS-Info.plist"; CLANG_ENABLE_MODULES = YES; DEAD_CODE_STRIPPING = NO; ALWAYS_SEARCH_USER_PATHS = NO; CODE_SIGN_STYLE = Automatic; DEVELOPMENT_TEAM = F3U5976KWH; CODE_SIGNING_ALLOWED = YES; "CODE_SIGNING_REQUIRED[sdk=*simulator*]" = NO; "CODE_SIGN_IDENTITY[sdk=iphoneos*]" = "Apple Development"; "CODE_SIGN_IDENTITY[sdk=appletvos*]" = "Apple Development"; "CODE_SIGN_IDENTITY[sdk=xros*]" = "Apple Development"; "CODE_SIGN_IDENTITY[sdk=macosx*]" = "-"; "OTHER_LDFLAGS[sdk=appletvos*]" = ("/Users/priamc/Coding/kira-projects/ui-foundation/Examples/basic-foundation-app/exports/apple/build/tvos-device/native/kira_native_app.o", "/Users/priamc/Coding/kira-projects/ui-foundation/Examples/basic-foundation-app/exports/apple/build/tvos-device/native/kira_native_app.bridge.o", "/Users/priamc/Coding/kira-projects/kira-graphics/NativeLibs/../generated/native/aarch64-tvos/libsokol.a", "-framework", "Foundation", "-framework", "UIKit", "-framework", "QuartzCore", "-framework", "Metal", "-framework", "MetalKit"); "OTHER_LDFLAGS[sdk=appletvsimulator*]" = ("/Users/priamc/Coding/kira-projects/ui-foundation/Examples/basic-foundation-app/exports/apple/build/tvos-sim/native/kira_native_app.o", "/Users/priamc/Coding/kira-projects/ui-foundation/Examples/basic-foundation-app/exports/apple/build/tvos-sim/native/kira_native_app.bridge.o", "/Users/priamc/Coding/kira-projects/kira-graphics/NativeLibs/../generated/native/aarch64-tvos-simulator/libsokol.a", "-framework", "Foundation", "-framework", "UIKit", "-framework", "QuartzCore", "-framework", "Metal", "-framework", "MetalKit"); }; name = Release; };
T3CLST = {isa = XCConfigurationList; buildConfigurations = (T3CDBG, T3CREL, ); defaultConfigurationIsVisible = 0; defaultConfigurationName = Release; };
T3CDBG = {isa = XCBuildConfiguration; buildSettings = { PRODUCT_NAME = "KiraApp-visionOS"; PRODUCT_BUNDLE_IDENTIFIER = "com.kira.live.dev"; SDKROOT = xros; SUPPORTED_PLATFORMS = "xros xrsimulator"; XROS_DEPLOYMENT_TARGET = 1.0; TARGETED_DEVICE_FAMILY = "7"; ARCHS = arm64; VALID_ARCHS = arm64; ONLY_ACTIVE_ARCH = YES; WRAPPER_EXTENSION = app; PRODUCT_BUNDLE_PACKAGE_TYPE = APPL; GENERATE_INFOPLIST_FILE = NO; INFOPLIST_FILE = "Resources/visionOS-Info.plist"; CLANG_ENABLE_MODULES = YES; DEAD_CODE_STRIPPING = NO; ALWAYS_SEARCH_USER_PATHS = NO; CODE_SIGN_STYLE = Automatic; DEVELOPMENT_TEAM = F3U5976KWH; CODE_SIGNING_ALLOWED = YES; "CODE_SIGNING_REQUIRED[sdk=*simulator*]" = NO; "CODE_SIGN_IDENTITY[sdk=iphoneos*]" = "Apple Development"; "CODE_SIGN_IDENTITY[sdk=appletvos*]" = "Apple Development"; "CODE_SIGN_IDENTITY[sdk=xros*]" = "Apple Development"; "CODE_SIGN_IDENTITY[sdk=macosx*]" = "-"; "OTHER_LDFLAGS[sdk=xros*]" = ("/Users/priamc/Coding/kira-projects/ui-foundation/Examples/basic-foundation-app/exports/apple/build/visionos-device/native/kira_native_app.o", "/Users/priamc/Coding/kira-projects/ui-foundation/Examples/basic-foundation-app/exports/apple/build/visionos-device/native/kira_native_app.bridge.o", "/Users/priamc/Coding/kira-projects/kira-graphics/NativeLibs/../generated/native/aarch64-xros/libsokol.a", "-framework", "Foundation", "-framework", "UIKit", "-framework", "QuartzCore", "-framework", "Metal", "-framework", "MetalKit"); "OTHER_LDFLAGS[sdk=xrsimulator*]" = ("/Users/priamc/Coding/kira-projects/ui-foundation/Examples/basic-foundation-app/exports/apple/build/visionos-sim/native/kira_native_app.o", "/Users/priamc/Coding/kira-projects/ui-foundation/Examples/basic-foundation-app/exports/apple/build/visionos-sim/native/kira_native_app.bridge.o", "/Users/priamc/Coding/kira-projects/kira-graphics/NativeLibs/../generated/native/aarch64-xros-simulator/libsokol.a", "-framework", "Foundation", "-framework", "UIKit", "-framework", "QuartzCore", "-framework", "Metal", "-framework", "MetalKit"); }; name = Debug; };
T3CREL = {isa = XCBuildConfiguration; buildSettings = { PRODUCT_NAME = "KiraApp-visionOS"; PRODUCT_BUNDLE_IDENTIFIER = "com.kira.live.dev"; SDKROOT = xros; SUPPORTED_PLATFORMS = "xros xrsimulator"; XROS_DEPLOYMENT_TARGET = 1.0; TARGETED_DEVICE_FAMILY = "7"; ARCHS = arm64; VALID_ARCHS = arm64; ONLY_ACTIVE_ARCH = YES; WRAPPER_EXTENSION = app; PRODUCT_BUNDLE_PACKAGE_TYPE = APPL; GENERATE_INFOPLIST_FILE = NO; INFOPLIST_FILE = "Resources/visionOS-Info.plist"; CLANG_ENABLE_MODULES = YES; DEAD_CODE_STRIPPING = NO; ALWAYS_SEARCH_USER_PATHS = NO; CODE_SIGN_STYLE = Automatic; DEVELOPMENT_TEAM = F3U5976KWH; CODE_SIGNING_ALLOWED = YES; "CODE_SIGNING_REQUIRED[sdk=*simulator*]" = NO; "CODE_SIGN_IDENTITY[sdk=iphoneos*]" = "Apple Development"; "CODE_SIGN_IDENTITY[sdk=appletvos*]" = "Apple Development"; "CODE_SIGN_IDENTITY[sdk=xros*]" = "Apple Development"; "CODE_SIGN_IDENTITY[sdk=macosx*]" = "-"; "OTHER_LDFLAGS[sdk=xros*]" = ("/Users/priamc/Coding/kira-projects/ui-foundation/Examples/basic-foundation-app/exports/apple/build/visionos-device/native/kira_native_app.o", "/Users/priamc/Coding/kira-projects/ui-foundation/Examples/basic-foundation-app/exports/apple/build/visionos-device/native/kira_native_app.bridge.o", "/Users/priamc/Coding/kira-projects/kira-graphics/NativeLibs/../generated/native/aarch64-xros/libsokol.a", "-framework", "Foundation", "-framework", "UIKit", "-framework", "QuartzCore", "-framework", "Metal", "-framework", "MetalKit"); "OTHER_LDFLAGS[sdk=xrsimulator*]" = ("/Users/priamc/Coding/kira-projects/ui-foundation/Examples/basic-foundation-app/exports/apple/build/visionos-sim/native/kira_native_app.o", "/Users/priamc/Coding/kira-projects/ui-foundation/Examples/basic-foundation-app/exports/apple/build/visionos-sim/native/kira_native_app.bridge.o", "/Users/priamc/Coding/kira-projects/kira-graphics/NativeLibs/../generated/native/aarch64-xros-simulator/libsokol.a", "-framework", "Foundation", "-framework", "UIKit", "-framework", "QuartzCore", "-framework", "Metal", "-framework", "MetalKit"); }; name = Release; };
};
rootObject = PROJ;
}
